
Microsoft Visual Studio Solution File, Format Version 12.00
# Visual Studio Version 16
VisualStudioVersion = 16.0.31911.196
MinimumVisualStudioVersion = 10.0.40219.1
Project("{FAE04EC0-301F-11D3-BF4B-00C04F79EFBC}") = "AgenciaSeguros", "AgenciaSeguros\AgenciaSeguros.csproj", "{DB12E41E-7A4C-4618-A85C-DB0398A5C799}"
EndProject
Global
	GlobalSection(SolutionConfigurationPlatforms) = preSolution
		Debug|Any CPU = Debug|Any CPU
		Release|Any CPU = Release|Any CPU
	EndGlobalSection
	GlobalSection(ProjectConfigurationPlatforms) = postSolution
		{DB12E41E-7A4C-4618-A85C-DB0398A5C799}.Debug|Any CPU.ActiveCfg = Debug|Any CPU
		{DB12E41E-7A4C-4618-A85C-DB0398A5C799}.Debug|Any CPU.Build.0 = Debug|Any CPU
		{DB12E41E-7A4C-4618-A85C-DB0398A5C799}.Release|Any CPU.ActiveCfg = Release|Any CPU
		{DB12E41E-7A4C-4618-A85C-DB0398A5C799}.Release|Any CPU.Build.0 = Release|Any CPU
	EndGlobalSection
	GlobalSection(SolutionProperties) = preSolution
		HideSolutionNode = FALSE
	EndGlobalSection
	GlobalSection(ExtensibilityGlobals) = postSolution
		SolutionGuid = {514EAECB-BE72-413F-98C2-906AD2144B6D}
	EndGlobalSection
EndGlobal
